
Microsoft Visual Studio Solution File, Format Version 11.00
# Visual Studio 2010
Project("{FAE04EC0-301F-11D3-BF4B-00C04F79EFBC}") = "QuickeelServices", "QuickeelServices\QuickeelServices.csproj", "{3B52A77D-151C-4375-A346-4326B311E866}"
EndProject
Global
	GlobalSection(SolutionConfigurationPlatforms) = preSolution
		Debug|Any CPU = Debug|Any CPU
		Release|Any CPU = Release|Any CPU
	EndGlobalSection
	GlobalSection(ProjectConfigurationPlatforms) = postSolution
		{3B52A77D-151C-4375-A346-4326B311E866}.Debug|Any CPU.ActiveCfg = Debug|Any CPU
		{3B52A77D-151C-4375-A346-4326B311E866}.Debug|Any CPU.Build.0 = Debug|Any CPU
		{3B52A77D-151C-4375-A346-4326B311E866}.Release|Any CPU.ActiveCfg = Release|Any CPU
		{3B52A77D-151C-4375-A346-4326B311E866}.Release|Any CPU.Build.0 = Release|Any CPU
	EndGlobalSection
	GlobalSection(SolutionProperties) = preSolution
		HideSolutionNode = FALSE
	EndGlobalSection
EndGlobal
